
Microsoft Visual Studio Solution File, Format Version 12.00
# Visual Studio Version 17
VisualStudioVersion = 17.12.35527.113
MinimumVisualStudioVersion = 10.0.40219.1
Project("{2150E333-8FDC-42A3-9474-1A3956D46DE8}") = "src", "src", "{2C896D93-4FF8-4021-8F5E-D0584C161330}"
EndProject
Project("{2150E333-8FDC-42A3-9474-1A3956D46DE8}") = "Building blocks", "Building blocks", "{E8FA2488-BC59-453E-A434-783213086CC5}"
EndProject
Project("{2150E333-8FDC-42A3-9474-1A3956D46DE8}") = "Services", "Services", "{9E4F936F-CDDE-4170-B19E-743873962A21}"
EndProject
Project("{2150E333-8FDC-42A3-9474-1A3956D46DE8}") = "Web", "Web", "{06D37A99-0853-4888-969C-D94A965D7301}"
EndProject
Project("{2150E333-8FDC-42A3-9474-1A3956D46DE8}") = "Identidade", "Identidade", "{CCD8B4B3-6398-464F-A1B8-48585BE2C7DE}"
EndProject
Project("{FAE04EC0-301F-11D3-BF4B-00C04F79EFBC}") = "NME.Identidade.API", "src\services\NME.Identidade.API\NME.Identidade.API.csproj", "{21407FF9-3BC0-42F8-8CA5-62D3896815B2}"
EndProject
Project("{2150E333-8FDC-42A3-9474-1A3956D46DE8}") = "MVC", "MVC", "{6ED9FA4B-1E29-45D3-A8BB-5B17F042DC9A}"
EndProject
Project("{FAE04EC0-301F-11D3-BF4B-00C04F79EFBC}") = "NME.WebApp.MVC", "src\web\NME.WebApp.MVC\NME.WebApp.MVC.csproj", "{D81288B9-E9EC-43B5-88F0-150ECEFB4F98}"
EndProject
Project("{2150E333-8FDC-42A3-9474-1A3956D46DE8}") = "Core", "Core", "{224A1858-679C-47EB-A9B1-39DD1ED8A8B0}"
EndProject
Project("{FAE04EC0-301F-11D3-BF4B-00C04F79EFBC}") = "NME.Core", "src\building blocks\NME.Core\NME.Core.csproj", "{2F588F46-B59B-4461-BA7B-138344F454E8}"
EndProject
Project("{2150E333-8FDC-42A3-9474-1A3956D46DE8}") = "Carrinho", "Carrinho", "{763EE59B-9B8C-4A15-A8BC-91CF6A141138}"
EndProject
Project("{FAE04EC0-301F-11D3-BF4B-00C04F79EFBC}") = "NME.Carrinho.API", "src\services\NME.Carrinho.API\NME.Carrinho.API.csproj", "{0C184897-B720-47D6-B8A3-1DFA7BB82E6C}"
EndProject
Project("{2150E333-8FDC-42A3-9474-1A3956D46DE8}") = "Cliente", "Cliente", "{3B9F0F7E-CD7E-4544-9F10-652C6CA7D2A5}"
EndProject
Project("{2150E333-8FDC-42A3-9474-1A3956D46DE8}") = "Catalogo", "Catalogo", "{508D2D56-AC13-4786-A891-45B77BC7DD5B}"
EndProject
Project("{2150E333-8FDC-42A3-9474-1A3956D46DE8}") = "Pagamento", "Pagamento", "{2076B960-E9D2-414B-B9DA-D8165D36E131}"
EndProject
Project("{2150E333-8FDC-42A3-9474-1A3956D46DE8}") = "Pedido", "Pedido", "{A4240ED4-92A5-46FB-AB68-EE5F26C2ACAA}"
EndProject
Project("{FAE04EC0-301F-11D3-BF4B-00C04F79EFBC}") = "NME.Catalogo.API", "src\services\NME.Catalogo.API\NME.Catalogo.API.csproj", "{2D6668E4-964E-1B38-5FA3-ED8BFD54EECF}"
EndProject
Project("{FAE04EC0-301F-11D3-BF4B-00C04F79EFBC}") = "NME.Cliente.API", "src\services\NME.Cliente.API\NME.Cliente.API.csproj", "{B82FBF8C-6722-4D33-8164-6B3B66CB9A04}"
EndProject
Project("{FAE04EC0-301F-11D3-BF4B-00C04F79EFBC}") = "NME.Pagamento.API", "src\services\NME.Pagamento.API\NME.Pagamento.API.csproj", "{A2C01C9A-1A8B-F34C-E431-B8F16707CFEB}"
EndProject
Project("{FAE04EC0-301F-11D3-BF4B-00C04F79EFBC}") = "NME.Pedido.API", "src\services\NME.Pedido.API\NME.Pedido.API.csproj", "{D1B044E3-64A6-7D4D-049F-C44E8EF6F877}"
EndProject
Global
	GlobalSection(SolutionConfigurationPlatforms) = preSolution
		Debug|Any CPU = Debug|Any CPU
		Release|Any CPU = Release|Any CPU
	EndGlobalSection
	GlobalSection(ProjectConfigurationPlatforms) = postSolution
		{21407FF9-3BC0-42F8-8CA5-62D3896815B2}.Debug|Any CPU.ActiveCfg = Debug|Any CPU
		{21407FF9-3BC0-42F8-8CA5-62D3896815B2}.Debug|Any CPU.Build.0 = Debug|Any CPU
		{21407FF9-3BC0-42F8-8CA5-62D3896815B2}.Release|Any CPU.ActiveCfg = Release|Any CPU
		{21407FF9-3BC0-42F8-8CA5-62D3896815B2}.Release|Any CPU.Build.0 = Release|Any CPU
		{D81288B9-E9EC-43B5-88F0-150ECEFB4F98}.Debug|Any CPU.ActiveCfg = Debug|Any CPU
		{D81288B9-E9EC-43B5-88F0-150ECEFB4F98}.Debug|Any CPU.Build.0 = Debug|Any CPU
		{D81288B9-E9EC-43B5-88F0-150ECEFB4F98}.Release|Any CPU.ActiveCfg = Release|Any CPU
		{D81288B9-E9EC-43B5-88F0-150ECEFB4F98}.Release|Any CPU.Build.0 = Release|Any CPU
		{2F588F46-B59B-4461-BA7B-138344F454E8}.Debug|Any CPU.ActiveCfg = Debug|Any CPU
		{2F588F46-B59B-4461-BA7B-138344F454E8}.Debug|Any CPU.Build.0 = Debug|Any CPU
		{2F588F46-B59B-4461-BA7B-138344F454E8}.Release|Any CPU.ActiveCfg = Release|Any CPU
		{2F588F46-B59B-4461-BA7B-138344F454E8}.Release|Any CPU.Build.0 = Release|Any CPU
		{0C184897-B720-47D6-B8A3-1DFA7BB82E6C}.Debug|Any CPU.ActiveCfg = Debug|Any CPU
		{0C184897-B720-47D6-B8A3-1DFA7BB82E6C}.Debug|Any CPU.Build.0 = Debug|Any CPU
		{0C184897-B720-47D6-B8A3-1DFA7BB82E6C}.Release|Any CPU.ActiveCfg = Release|Any CPU
		{0C184897-B720-47D6-B8A3-1DFA7BB82E6C}.Release|Any CPU.Build.0 = Release|Any CPU
		{2D6668E4-964E-1B38-5FA3-ED8BFD54EECF}.Debug|Any CPU.ActiveCfg = Debug|Any CPU
		{2D6668E4-964E-1B38-5FA3-ED8BFD54EECF}.Debug|Any CPU.Build.0 = Debug|Any CPU
		{2D6668E4-964E-1B38-5FA3-ED8BFD54EECF}.Release|Any CPU.ActiveCfg = Release|Any CPU
		{2D6668E4-964E-1B38-5FA3-ED8BFD54EECF}.Release|Any CPU.Build.0 = Release|Any CPU
		{B82FBF8C-6722-4D33-8164-6B3B66CB9A04}.Debug|Any CPU.ActiveCfg = Debug|Any CPU
		{B82FBF8C-6722-4D33-8164-6B3B66CB9A04}.Debug|Any CPU.Build.0 = Debug|Any CPU
		{B82FBF8C-6722-4D33-8164-6B3B66CB9A04}.Release|Any CPU.ActiveCfg = Release|Any CPU
		{B82FBF8C-6722-4D33-8164-6B3B66CB9A04}.Release|Any CPU.Build.0 = Release|Any CPU
		{A2C01C9A-1A8B-F34C-E431-B8F16707CFEB}.Debug|Any CPU.ActiveCfg = Debug|Any CPU
		{A2C01C9A-1A8B-F34C-E431-B8F16707CFEB}.Debug|Any CPU.Build.0 = Debug|Any CPU
		{A2C01C9A-1A8B-F34C-E431-B8F16707CFEB}.Release|Any CPU.ActiveCfg = Release|Any CPU
		{A2C01C9A-1A8B-F34C-E431-B8F16707CFEB}.Release|Any CPU.Build.0 = Release|Any CPU
		{D1B044E3-64A6-7D4D-049F-C44E8EF6F877}.Debug|Any CPU.ActiveCfg = Debug|Any CPU
		{D1B044E3-64A6-7D4D-049F-C44E8EF6F877}.Debug|Any CPU.Build.0 = Debug|Any CPU
		{D1B044E3-64A6-7D4D-049F-C44E8EF6F877}.Release|Any CPU.ActiveCfg = Release|Any CPU
		{D1B044E3-64A6-7D4D-049F-C44E8EF6F877}.Release|Any CPU.Build.0 = Release|Any CPU
	EndGlobalSection
	GlobalSection(SolutionProperties) = preSolution
		HideSolutionNode = FALSE
	EndGlobalSection
	GlobalSection(NestedProjects) = preSolution
		{E8FA2488-BC59-453E-A434-783213086CC5} = {2C896D93-4FF8-4021-8F5E-D0584C161330}
		{9E4F936F-CDDE-4170-B19E-743873962A21} = {2C896D93-4FF8-4021-8F5E-D0584C161330}
		{06D37A99-0853-4888-969C-D94A965D7301} = {2C896D93-4FF8-4021-8F5E-D0584C161330}
		{CCD8B4B3-6398-464F-A1B8-48585BE2C7DE} = {9E4F936F-CDDE-4170-B19E-743873962A21}
		{21407FF9-3BC0-42F8-8CA5-62D3896815B2} = {CCD8B4B3-6398-464F-A1B8-48585BE2C7DE}
		{6ED9FA4B-1E29-45D3-A8BB-5B17F042DC9A} = {06D37A99-0853-4888-969C-D94A965D7301}
		{D81288B9-E9EC-43B5-88F0-150ECEFB4F98} = {6ED9FA4B-1E29-45D3-A8BB-5B17F042DC9A}
		{224A1858-679C-47EB-A9B1-39DD1ED8A8B0} = {E8FA2488-BC59-453E-A434-783213086CC5}
		{2F588F46-B59B-4461-BA7B-138344F454E8} = {224A1858-679C-47EB-A9B1-39DD1ED8A8B0}
		{763EE59B-9B8C-4A15-A8BC-91CF6A141138} = {9E4F936F-CDDE-4170-B19E-743873962A21}
		{0C184897-B720-47D6-B8A3-1DFA7BB82E6C} = {763EE59B-9B8C-4A15-A8BC-91CF6A141138}
		{3B9F0F7E-CD7E-4544-9F10-652C6CA7D2A5} = {9E4F936F-CDDE-4170-B19E-743873962A21}
		{508D2D56-AC13-4786-A891-45B77BC7DD5B} = {9E4F936F-CDDE-4170-B19E-743873962A21}
		{2076B960-E9D2-414B-B9DA-D8165D36E131} = {9E4F936F-CDDE-4170-B19E-743873962A21}
		{A4240ED4-92A5-46FB-AB68-EE5F26C2ACAA} = {9E4F936F-CDDE-4170-B19E-743873962A21}
		{2D6668E4-964E-1B38-5FA3-ED8BFD54EECF} = {508D2D56-AC13-4786-A891-45B77BC7DD5B}
		{B82FBF8C-6722-4D33-8164-6B3B66CB9A04} = {3B9F0F7E-CD7E-4544-9F10-652C6CA7D2A5}
		{A2C01C9A-1A8B-F34C-E431-B8F16707CFEB} = {2076B960-E9D2-414B-B9DA-D8165D36E131}
		{D1B044E3-64A6-7D4D-049F-C44E8EF6F877} = {A4240ED4-92A5-46FB-AB68-EE5F26C2ACAA}
	EndGlobalSection
	GlobalSection(ExtensibilityGlobals) = postSolution
		SolutionGuid = {F0B1F17A-3FA6-4DD3-AC5C-25E24CDD35FA}
	EndGlobalSection
EndGlobal
